
Microsoft Visual Studio Solution File, Format Version 12.00
# Visual Studio Version 16
VisualStudioVersion = 16.0.28803.156
MinimumVisualStudioVersion = 10.0.40219.1
Project("{FAE04EC0-301F-11D3-BF4B-00C04F79EFBC}") = "LabMdiForm", "LabMdiForm\LabMdiForm.csproj", "{B5E21FB5-FE41-42D4-99ED-B1C1553CFBC5}"
EndProject
Project("{FAE04EC0-301F-11D3-BF4B-00C04F79EFBC}") = "ZedGraph", "ZedGraph\ZedGraph.csproj", "{B99650EE-AF46-47B4-A4A9-212ADE7809B7}"
EndProject
Project("{FAE04EC0-301F-11D3-BF4B-00C04F79EFBC}") = "UserControlPlus", "UserControlPlus\UserControlPlus.csproj", "{E54A51A6-A054-4F21-AC22-A827B5EF4D36}"
EndProject
Project("{FAE04EC0-301F-11D3-BF4B-00C04F79EFBC}") = "UserGenFunc", "UserGenFunc\UserGenFunc.csproj", "{C64AEEA0-7A08-4786-9F1E-BD66608E190E}"
EndProject
Project("{FAE04EC0-301F-11D3-BF4B-00C04F79EFBC}") = "PreMakeToVSProject", "PreMakeToVSProject\PreMakeToVSProject.csproj", "{80362684-4FF9-4A5D-815E-DE9AA8C7BF57}"
EndProject
Project("{FAE04EC0-301F-11D3-BF4B-00C04F79EFBC}") = "WinAPI", "WinAPI\WinAPI.csproj", "{B928595D-A068-47D0-9D31-89D592258D32}"
EndProject
Project("{FAE04EC0-301F-11D3-BF4B-00C04F79EFBC}") = "EmbeddedProcess", "EmbeddedProcess\EmbeddedProcess.csproj", "{309EB5FA-FE3B-4994-9206-4D730046E702}"
EndProject
Project("{FAE04EC0-301F-11D3-BF4B-00C04F79EFBC}") = "NPlot", "NPlot\NPlot.csproj", "{E4B99177-77A3-4C92-B881-A6CB57E3BF89}"
EndProject
Project("{FAE04EC0-301F-11D3-BF4B-00C04F79EFBC}") = "WindowsFormsApp1", "WindowsFormsApp1\WindowsFormsApp1.csproj", "{F2A5D5E5-875D-4D7E-B4F3-B3B6D5938DD1}"
EndProject
Project("{FAE04EC0-301F-11D3-BF4B-00C04F79EFBC}") = "DigitalAcquisitionCard", "DigitalAcquisitionCard\DigitalAcquisitionCard.csproj", "{2100A2AA-C22C-49FC-9C53-57656A8091F8}"
EndProject
Project("{FAE04EC0-301F-11D3-BF4B-00C04F79EFBC}") = "DigitalPower", "DigitalPower\DigitalPower.csproj", "{E647A5EA-1C09-4EC7-82CC-B0BF6CC55B15}"
EndProject
Project("{FAE04EC0-301F-11D3-BF4B-00C04F79EFBC}") = "COMMPort", "COMMPort\COMMPort.csproj", "{D0CCF96A-1633-46E8-B57D-F2A4E75DF1A9}"
EndProject
Project("{FAE04EC0-301F-11D3-BF4B-00C04F79EFBC}") = "LabMcuForm", "LabMcuForm\LabMcuForm.csproj", "{B52D735B-616C-47A5-A490-835090E8C2B2}"
EndProject
Project("{FAE04EC0-301F-11D3-BF4B-00C04F79EFBC}") = "LabMcuProject", "LabMcuProject\LabMcuProject.csproj", "{08D243AD-3A8C-45D9-83F2-09859479817D}"
EndProject
Global
	GlobalSection(SolutionConfigurationPlatforms) = preSolution
		Debug|Any CPU = Debug|Any CPU
		Debug|x64 = Debug|x64
		Debug|x86 = Debug|x86
		Release|Any CPU = Release|Any CPU
		Release|x64 = Release|x64
		Release|x86 = Release|x86
	EndGlobalSection
	GlobalSection(ProjectConfigurationPlatforms) = postSolution
		{B5E21FB5-FE41-42D4-99ED-B1C1553CFBC5}.Debug|Any CPU.ActiveCfg = Debug|Any CPU
		{B5E21FB5-FE41-42D4-99ED-B1C1553CFBC5}.Debug|Any CPU.Build.0 = Debug|Any CPU
		{B5E21FB5-FE41-42D4-99ED-B1C1553CFBC5}.Debug|x64.ActiveCfg = Debug|Any CPU
		{B5E21FB5-FE41-42D4-99ED-B1C1553CFBC5}.Debug|x64.Build.0 = Debug|Any CPU
		{B5E21FB5-FE41-42D4-99ED-B1C1553CFBC5}.Debug|x86.ActiveCfg = Debug|Any CPU
		{B5E21FB5-FE41-42D4-99ED-B1C1553CFBC5}.Debug|x86.Build.0 = Debug|Any CPU
		{B5E21FB5-FE41-42D4-99ED-B1C1553CFBC5}.Release|Any CPU.ActiveCfg = Release|Any CPU
		{B5E21FB5-FE41-42D4-99ED-B1C1553CFBC5}.Release|Any CPU.Build.0 = Release|Any CPU
		{B5E21FB5-FE41-42D4-99ED-B1C1553CFBC5}.Release|x64.ActiveCfg = Release|Any CPU
		{B5E21FB5-FE41-42D4-99ED-B1C1553CFBC5}.Release|x64.Build.0 = Release|Any CPU
		{B5E21FB5-FE41-42D4-99ED-B1C1553CFBC5}.Release|x86.ActiveCfg = Release|Any CPU
		{B5E21FB5-FE41-42D4-99ED-B1C1553CFBC5}.Release|x86.Build.0 = Release|Any CPU
		{B99650EE-AF46-47B4-A4A9-212ADE7809B7}.Debug|Any CPU.ActiveCfg = Debug|Any CPU
		{B99650EE-AF46-47B4-A4A9-212ADE7809B7}.Debug|Any CPU.Build.0 = Debug|Any CPU
		{B99650EE-AF46-47B4-A4A9-212ADE7809B7}.Debug|x64.ActiveCfg = Debug|Any CPU
		{B99650EE-AF46-47B4-A4A9-212ADE7809B7}.Debug|x64.Build.0 = Debug|Any CPU
		{B99650EE-AF46-47B4-A4A9-212ADE7809B7}.Debug|x86.ActiveCfg = Debug|Any CPU
		{B99650EE-AF46-47B4-A4A9-212ADE7809B7}.Debug|x86.Build.0 = Debug|Any CPU
		{B99650EE-AF46-47B4-A4A9-212ADE7809B7}.Release|Any CPU.ActiveCfg = Release|Any CPU
		{B99650EE-AF46-47B4-A4A9-212ADE7809B7}.Release|Any CPU.Build.0 = Release|Any CPU
		{B99650EE-AF46-47B4-A4A9-212ADE7809B7}.Release|x64.ActiveCfg = Release|Any CPU
		{B99650EE-AF46-47B4-A4A9-212ADE7809B7}.Release|x64.Build.0 = Release|Any CPU
		{B99650EE-AF46-47B4-A4A9-212ADE7809B7}.Release|x86.ActiveCfg = Release|Any CPU
		{B99650EE-AF46-47B4-A4A9-212ADE7809B7}.Release|x86.Build.0 = Release|Any CPU
		{E54A51A6-A054-4F21-AC22-A827B5EF4D36}.Debug|Any CPU.ActiveCfg = Debug|Any CPU
		{E54A51A6-A054-4F21-AC22-A827B5EF4D36}.Debug|Any CPU.Build.0 = Debug|Any CPU
		{E54A51A6-A054-4F21-AC22-A827B5EF4D36}.Debug|x64.ActiveCfg = Debug|Any CPU
		{E54A51A6-A054-4F21-AC22-A827B5EF4D36}.Debug|x64.Build.0 = Debug|Any CPU
		{E54A51A6-A054-4F21-AC22-A827B5EF4D36}.Debug|x86.ActiveCfg = Debug|Any CPU
		{E54A51A6-A054-4F21-AC22-A827B5EF4D36}.Debug|x86.Build.0 = Debug|Any CPU
		{E54A51A6-A054-4F21-AC22-A827B5EF4D36}.Release|Any CPU.ActiveCfg = Release|Any CPU
		{E54A51A6-A054-4F21-AC22-A827B5EF4D36}.Release|Any CPU.Build.0 = Release|Any CPU
		{E54A51A6-A054-4F21-AC22-A827B5EF4D36}.Release|x64.ActiveCfg = Release|Any CPU
		{E54A51A6-A054-4F21-AC22-A827B5EF4D36}.Release|x64.Build.0 = Release|Any CPU
		{E54A51A6-A054-4F21-AC22-A827B5EF4D36}.Release|x86.ActiveCfg = Release|Any CPU
		{E54A51A6-A054-4F21-AC22-A827B5EF4D36}.Release|x86.Build.0 = Release|Any CPU
		{C64AEEA0-7A08-4786-9F1E-BD66608E190E}.Debug|Any CPU.ActiveCfg = Debug|Any CPU
		{C64AEEA0-7A08-4786-9F1E-BD66608E190E}.Debug|Any CPU.Build.0 = Debug|Any CPU
		{C64AEEA0-7A08-4786-9F1E-BD66608E190E}.Debug|x64.ActiveCfg = Debug|Any CPU
		{C64AEEA0-7A08-4786-9F1E-BD66608E190E}.Debug|x64.Build.0 = Debug|Any CPU
		{C64AEEA0-7A08-4786-9F1E-BD66608E190E}.Debug|x86.ActiveCfg = Debug|Any CPU
		{C64AEEA0-7A08-4786-9F1E-BD66608E190E}.Debug|x86.Build.0 = Debug|Any CPU
		{C64AEEA0-7A08-4786-9F1E-BD66608E190E}.Release|Any CPU.ActiveCfg = Release|Any CPU
		{C64AEEA0-7A08-4786-9F1E-BD66608E190E}.Release|Any CPU.Build.0 = Release|Any CPU
		{C64AEEA0-7A08-4786-9F1E-BD66608E190E}.Release|x64.ActiveCfg = Release|Any CPU
		{C64AEEA0-7A08-4786-9F1E-BD66608E190E}.Release|x64.Build.0 = Release|Any CPU
		{C64AEEA0-7A08-4786-9F1E-BD66608E190E}.Release|x86.ActiveCfg = Release|Any CPU
		{C64AEEA0-7A08-4786-9F1E-BD66608E190E}.Release|x86.Build.0 = Release|Any CPU
		{80362684-4FF9-4A5D-815E-DE9AA8C7BF57}.Debug|Any CPU.ActiveCfg = Debug|Any CPU
		{80362684-4FF9-4A5D-815E-DE9AA8C7BF57}.Debug|Any CPU.Build.0 = Debug|Any CPU
		{80362684-4FF9-4A5D-815E-DE9AA8C7BF57}.Debug|x64.ActiveCfg = Debug|Any CPU
		{80362684-4FF9-4A5D-815E-DE9AA8C7BF57}.Debug|x64.Build.0 = Debug|Any CPU
		{80362684-4FF9-4A5D-815E-DE9AA8C7BF57}.Debug|x86.ActiveCfg = Debug|Any CPU
		{80362684-4FF9-4A5D-815E-DE9AA8C7BF57}.Debug|x86.Build.0 = Debug|Any CPU
		{80362684-4FF9-4A5D-815E-DE9AA8C7BF57}.Release|Any CPU.ActiveCfg = Release|Any CPU
		{80362684-4FF9-4A5D-815E-DE9AA8C7BF57}.Release|Any CPU.Build.0 = Release|Any CPU
		{80362684-4FF9-4A5D-815E-DE9AA8C7BF57}.Release|x64.ActiveCfg = Release|Any CPU
		{80362684-4FF9-4A5D-815E-DE9AA8C7BF57}.Release|x64.Build.0 = Release|Any CPU
		{80362684-4FF9-4A5D-815E-DE9AA8C7BF57}.Release|x86.ActiveCfg = Release|Any CPU
		{80362684-4FF9-4A5D-815E-DE9AA8C7BF57}.Release|x86.Build.0 = Release|Any CPU
		{B928595D-A068-47D0-9D31-89D592258D32}.Debug|Any CPU.ActiveCfg = Debug|Any CPU
		{B928595D-A068-47D0-9D31-89D592258D32}.Debug|Any CPU.Build.0 = Debug|Any CPU
		{B928595D-A068-47D0-9D31-89D592258D32}.Debug|x64.ActiveCfg = Debug|Any CPU
		{B928595D-A068-47D0-9D31-89D592258D32}.Debug|x64.Build.0 = Debug|Any CPU
		{B928595D-A068-47D0-9D31-89D592258D32}.Debug|x86.ActiveCfg = Debug|Any CPU
		{B928595D-A068-47D0-9D31-89D592258D32}.Debug|x86.Build.0 = Debug|Any CPU
		{B928595D-A068-47D0-9D31-89D592258D32}.Release|Any CPU.ActiveCfg = Release|Any CPU
		{B928595D-A068-47D0-9D31-89D592258D32}.Release|Any CPU.Build.0 = Release|Any CPU
		{B928595D-A068-47D0-9D31-89D592258D32}.Release|x64.ActiveCfg = Release|Any CPU
		{B928595D-A068-47D0-9D31-89D592258D32}.Release|x64.Build.0 = Release|Any CPU
		{B928595D-A068-47D0-9D31-89D592258D32}.Release|x86.ActiveCfg = Release|Any CPU
		{B928595D-A068-47D0-9D31-89D592258D32}.Release|x86.Build.0 = Release|Any CPU
		{309EB5FA-FE3B-4994-9206-4D730046E702}.Debug|Any CPU.ActiveCfg = Debug|Any CPU
		{309EB5FA-FE3B-4994-9206-4D730046E702}.Debug|Any CPU.Build.0 = Debug|Any CPU
		{309EB5FA-FE3B-4994-9206-4D730046E702}.Debug|x64.ActiveCfg = Debug|Any CPU
		{309EB5FA-FE3B-4994-9206-4D730046E702}.Debug|x64.Build.0 = Debug|Any CPU
		{309EB5FA-FE3B-4994-9206-4D730046E702}.Debug|x86.ActiveCfg = Debug|Any CPU
		{309EB5FA-FE3B-4994-9206-4D730046E702}.Debug|x86.Build.0 = Debug|Any CPU
		{309EB5FA-FE3B-4994-9206-4D730046E702}.Release|Any CPU.ActiveCfg = Release|Any CPU
		{309EB5FA-FE3B-4994-9206-4D730046E702}.Release|Any CPU.Build.0 = Release|Any CPU
		{309EB5FA-FE3B-4994-9206-4D730046E702}.Release|x64.ActiveCfg = Release|Any CPU
		{309EB5FA-FE3B-4994-9206-4D730046E702}.Release|x64.Build.0 = Release|Any CPU
		{309EB5FA-FE3B-4994-9206-4D730046E702}.Release|x86.ActiveCfg = Release|Any CPU
		{309EB5FA-FE3B-4994-9206-4D730046E702}.Release|x86.Build.0 = Release|Any CPU
		{E4B99177-77A3-4C92-B881-A6CB57E3BF89}.Debug|Any CPU.ActiveCfg = Debug|Any CPU
		{E4B99177-77A3-4C92-B881-A6CB57E3BF89}.Debug|Any CPU.Build.0 = Debug|Any CPU
		{E4B99177-77A3-4C92-B881-A6CB57E3BF89}.Debug|x64.ActiveCfg = Debug|Any CPU
		{E4B99177-77A3-4C92-B881-A6CB57E3BF89}.Debug|x64.Build.0 = Debug|Any CPU
		{E4B99177-77A3-4C92-B881-A6CB57E3BF89}.Debug|x86.ActiveCfg = Debug|Any CPU
		{E4B99177-77A3-4C92-B881-A6CB57E3BF89}.Debug|x86.Build.0 = Debug|Any CPU
		{E4B99177-77A3-4C92-B881-A6CB57E3BF89}.Release|Any CPU.ActiveCfg = Release|Any CPU
		{E4B99177-77A3-4C92-B881-A6CB57E3BF89}.Release|Any CPU.Build.0 = Release|Any CPU
		{E4B99177-77A3-4C92-B881-A6CB57E3BF89}.Release|x64.ActiveCfg = Release|Any CPU
		{E4B99177-77A3-4C92-B881-A6CB57E3BF89}.Release|x64.Build.0 = Release|Any CPU
		{E4B99177-77A3-4C92-B881-A6CB57E3BF89}.Release|x86.ActiveCfg = Release|Any CPU
		{E4B99177-77A3-4C92-B881-A6CB57E3BF89}.Release|x86.Build.0 = Release|Any CPU
		{F2A5D5E5-875D-4D7E-B4F3-B3B6D5938DD1}.Debug|Any CPU.ActiveCfg = Debug|Any CPU
		{F2A5D5E5-875D-4D7E-B4F3-B3B6D5938DD1}.Debug|Any CPU.Build.0 = Debug|Any CPU
		{F2A5D5E5-875D-4D7E-B4F3-B3B6D5938DD1}.Debug|x64.ActiveCfg = Debug|Any CPU
		{F2A5D5E5-875D-4D7E-B4F3-B3B6D5938DD1}.Debug|x64.Build.0 = Debug|Any CPU
		{F2A5D5E5-875D-4D7E-B4F3-B3B6D5938DD1}.Debug|x86.ActiveCfg = Debug|Any CPU
		{F2A5D5E5-875D-4D7E-B4F3-B3B6D5938DD1}.Debug|x86.Build.0 = Debug|Any CPU
		{F2A5D5E5-875D-4D7E-B4F3-B3B6D5938DD1}.Release|Any CPU.ActiveCfg = Release|Any CPU
		{F2A5D5E5-875D-4D7E-B4F3-B3B6D5938DD1}.Release|Any CPU.Build.0 = Release|Any CPU
		{F2A5D5E5-875D-4D7E-B4F3-B3B6D5938DD1}.Release|x64.ActiveCfg = Release|Any CPU
		{F2A5D5E5-875D-4D7E-B4F3-B3B6D5938DD1}.Release|x64.Build.0 = Release|Any CPU
		{F2A5D5E5-875D-4D7E-B4F3-B3B6D5938DD1}.Release|x86.ActiveCfg = Release|Any CPU
		{F2A5D5E5-875D-4D7E-B4F3-B3B6D5938DD1}.Release|x86.Build.0 = Release|Any CPU
		{2100A2AA-C22C-49FC-9C53-57656A8091F8}.Debug|Any CPU.ActiveCfg = Debug|Any CPU
		{2100A2AA-C22C-49FC-9C53-57656A8091F8}.Debug|Any CPU.Build.0 = Debug|Any CPU
		{2100A2AA-C22C-49FC-9C53-57656A8091F8}.Debug|x64.ActiveCfg = Debug|Any CPU
		{2100A2AA-C22C-49FC-9C53-57656A8091F8}.Debug|x64.Build.0 = Debug|Any CPU
		{2100A2AA-C22C-49FC-9C53-57656A8091F8}.Debug|x86.ActiveCfg = Debug|Any CPU
		{2100A2AA-C22C-49FC-9C53-57656A8091F8}.Debug|x86.Build.0 = Debug|Any CPU
		{2100A2AA-C22C-49FC-9C53-57656A8091F8}.Release|Any CPU.ActiveCfg = Release|Any CPU
		{2100A2AA-C22C-49FC-9C53-57656A8091F8}.Release|Any CPU.Build.0 = Release|Any CPU
		{2100A2AA-C22C-49FC-9C53-57656A8091F8}.Release|x64.ActiveCfg = Release|Any CPU
		{2100A2AA-C22C-49FC-9C53-57656A8091F8}.Release|x64.Build.0 = Release|Any CPU
		{2100A2AA-C22C-49FC-9C53-57656A8091F8}.Release|x86.ActiveCfg = Release|Any CPU
		{2100A2AA-C22C-49FC-9C53-57656A8091F8}.Release|x86.Build.0 = Release|Any CPU
		{E647A5EA-1C09-4EC7-82CC-B0BF6CC55B15}.Debug|Any CPU.ActiveCfg = Debug|Any CPU
		{E647A5EA-1C09-4EC7-82CC-B0BF6CC55B15}.Debug|Any CPU.Build.0 = Debug|Any CPU
		{E647A5EA-1C09-4EC7-82CC-B0BF6CC55B15}.Debug|x64.ActiveCfg = Debug|Any CPU
		{E647A5EA-1C09-4EC7-82CC-B0BF6CC55B15}.Debug|x64.Build.0 = Debug|Any CPU
		{E647A5EA-1C09-4EC7-82CC-B0BF6CC55B15}.Debug|x86.ActiveCfg = Debug|Any CPU
		{E647A5EA-1C09-4EC7-82CC-B0BF6CC55B15}.Debug|x86.Build.0 = Debug|Any CPU
		{E647A5EA-1C09-4EC7-82CC-B0BF6CC55B15}.Release|Any CPU.ActiveCfg = Release|Any CPU
		{E647A5EA-1C09-4EC7-82CC-B0BF6CC55B15}.Release|Any CPU.Build.0 = Release|Any CPU
		{E647A5EA-1C09-4EC7-82CC-B0BF6CC55B15}.Release|x64.ActiveCfg = Release|Any CPU
		{E647A5EA-1C09-4EC7-82CC-B0BF6CC55B15}.Release|x64.Build.0 = Release|Any CPU
		{E647A5EA-1C09-4EC7-82CC-B0BF6CC55B15}.Release|x86.ActiveCfg = Release|Any CPU
		{E647A5EA-1C09-4EC7-82CC-B0BF6CC55B15}.Release|x86.Build.0 = Release|Any CPU
		{D0CCF96A-1633-46E8-B57D-F2A4E75DF1A9}.Debug|Any CPU.ActiveCfg = Debug|Any CPU
		{D0CCF96A-1633-46E8-B57D-F2A4E75DF1A9}.Debug|Any CPU.Build.0 = Debug|Any CPU
		{D0CCF96A-1633-46E8-B57D-F2A4E75DF1A9}.Debug|x64.ActiveCfg = Debug|Any CPU
		{D0CCF96A-1633-46E8-B57D-F2A4E75DF1A9}.Debug|x64.Build.0 = Debug|Any CPU
		{D0CCF96A-1633-46E8-B57D-F2A4E75DF1A9}.Debug|x86.ActiveCfg = Debug|Any CPU
		{D0CCF96A-1633-46E8-B57D-F2A4E75DF1A9}.Debug|x86.Build.0 = Debug|Any CPU
		{D0CCF96A-1633-46E8-B57D-F2A4E75DF1A9}.Release|Any CPU.ActiveCfg = Release|Any CPU
		{D0CCF96A-1633-46E8-B57D-F2A4E75DF1A9}.Release|Any CPU.Build.0 = Release|Any CPU
		{D0CCF96A-1633-46E8-B57D-F2A4E75DF1A9}.Release|x64.ActiveCfg = Release|Any CPU
		{D0CCF96A-1633-46E8-B57D-F2A4E75DF1A9}.Release|x64.Build.0 = Release|Any CPU
		{D0CCF96A-1633-46E8-B57D-F2A4E75DF1A9}.Release|x86.ActiveCfg = Release|Any CPU
		{D0CCF96A-1633-46E8-B57D-F2A4E75DF1A9}.Release|x86.Build.0 = Release|Any CPU
		{B52D735B-616C-47A5-A490-835090E8C2B2}.Debug|Any CPU.ActiveCfg = Debug|Any CPU
		{B52D735B-616C-47A5-A490-835090E8C2B2}.Debug|Any CPU.Build.0 = Debug|Any CPU
		{B52D735B-616C-47A5-A490-835090E8C2B2}.Debug|x64.ActiveCfg = Debug|Any CPU
		{B52D735B-616C-47A5-A490-835090E8C2B2}.Debug|x64.Build.0 = Debug|Any CPU
		{B52D735B-616C-47A5-A490-835090E8C2B2}.Debug|x86.ActiveCfg = Debug|Any CPU
		{B52D735B-616C-47A5-A490-835090E8C2B2}.Debug|x86.Build.0 = Debug|Any CPU
		{B52D735B-616C-47A5-A490-835090E8C2B2}.Release|Any CPU.ActiveCfg = Release|Any CPU
		{B52D735B-616C-47A5-A490-835090E8C2B2}.Release|Any CPU.Build.0 = Release|Any CPU
		{B52D735B-616C-47A5-A490-835090E8C2B2}.Release|x64.ActiveCfg = Release|Any CPU
		{B52D735B-616C-47A5-A490-835090E8C2B2}.Release|x64.Build.0 = Release|Any CPU
		{B52D735B-616C-47A5-A490-835090E8C2B2}.Release|x86.ActiveCfg = Release|Any CPU
		{B52D735B-616C-47A5-A490-835090E8C2B2}.Release|x86.Build.0 = Release|Any CPU
		{08D243AD-3A8C-45D9-83F2-09859479817D}.Debug|Any CPU.ActiveCfg = Debug|Any CPU
		{08D243AD-3A8C-45D9-83F2-09859479817D}.Debug|Any CPU.Build.0 = Debug|Any CPU
		{08D243AD-3A8C-45D9-83F2-09859479817D}.Debug|x64.ActiveCfg = Debug|Any CPU
		{08D243AD-3A8C-45D9-83F2-09859479817D}.Debug|x64.Build.0 = Debug|Any CPU
		{08D243AD-3A8C-45D9-83F2-09859479817D}.Debug|x86.ActiveCfg = Debug|Any CPU
		{08D243AD-3A8C-45D9-83F2-09859479817D}.Debug|x86.Build.0 = Debug|Any CPU
		{08D243AD-3A8C-45D9-83F2-09859479817D}.Release|Any CPU.ActiveCfg = Release|Any CPU
		{08D243AD-3A8C-45D9-83F2-09859479817D}.Release|Any CPU.Build.0 = Release|Any CPU
		{08D243AD-3A8C-45D9-83F2-09859479817D}.Release|x64.ActiveCfg = Release|Any CPU
		{08D243AD-3A8C-45D9-83F2-09859479817D}.Release|x64.Build.0 = Release|Any CPU
		{08D243AD-3A8C-45D9-83F2-09859479817D}.Release|x86.ActiveCfg = Release|Any CPU
		{08D243AD-3A8C-45D9-83F2-09859479817D}.Release|x86.Build.0 = Release|Any CPU
	EndGlobalSection
	GlobalSection(SolutionProperties) = preSolution
		HideSolutionNode = FALSE
	EndGlobalSection
	GlobalSection(ExtensibilityGlobals) = postSolution
		SolutionGuid = {7CC8B8CB-6D4E-4E82-BA3D-A053CA5D309D}
	EndGlobalSection
EndGlobal
